
Microsoft Visual Studio Solution File, Format Version 12.00
# Visual Studio Version 16
VisualStudioVersion = 16.0.31205.134
MinimumVisualStudioVersion = 10.0.40219.1
Project("{FAE04EC0-301F-11D3-BF4B-00C04F79EFBC}") = "Protch", "Protch.csproj", "{AE9D8EE2-0D02-474D-A40D-617245B6421C}"
EndProject
Project("{FAE04EC0-301F-11D3-BF4B-00C04F79EFBC}") = "Protch.Test", "Test\Protch.Test.csproj", "{DE6B15BB-1632-46FF-8369-5EC8DD53995C}"
EndProject
Global
	GlobalSection(SolutionConfigurationPlatforms) = preSolution
		Debug|Any CPU = Debug|Any CPU
		Release|Any CPU = Release|Any CPU
	EndGlobalSection
	GlobalSection(ProjectConfigurationPlatforms) = postSolution
		{AE9D8EE2-0D02-474D-A40D-617245B6421C}.Debug|Any CPU.ActiveCfg = Debug|Any CPU
		{AE9D8EE2-0D02-474D-A40D-617245B6421C}.Debug|Any CPU.Build.0 = Debug|Any CPU
		{AE9D8EE2-0D02-474D-A40D-617245B6421C}.Release|Any CPU.ActiveCfg = Release|Any CPU
		{AE9D8EE2-0D02-474D-A40D-617245B6421C}.Release|Any CPU.Build.0 = Release|Any CPU
		{DE6B15BB-1632-46FF-8369-5EC8DD53995C}.Debug|Any CPU.ActiveCfg = Debug|Any CPU
		{DE6B15BB-1632-46FF-8369-5EC8DD53995C}.Debug|Any CPU.Build.0 = Debug|Any CPU
		{DE6B15BB-1632-46FF-8369-5EC8DD53995C}.Release|Any CPU.ActiveCfg = Release|Any CPU
		{DE6B15BB-1632-46FF-8369-5EC8DD53995C}.Release|Any CPU.Build.0 = Release|Any CPU
	EndGlobalSection
	GlobalSection(SolutionProperties) = preSolution
		HideSolutionNode = FALSE
	EndGlobalSection
	GlobalSection(ExtensibilityGlobals) = postSolution
		SolutionGuid = {2C1DF21C-A816-4509-9015-434325975BFE}
	EndGlobalSection
EndGlobal
