
Microsoft Visual Studio Solution File, Format Version 12.00
# Visual Studio 15
VisualStudioVersion = 15.0.28307.271
MinimumVisualStudioVersion = 10.0.40219.1
Project("{FAE04EC0-301F-11D3-BF4B-00C04F79EFBC}") = "Protch", "Protch.csproj", "{BDC2DA31-BCCE-42F7-9A97-8DA5F962913E}"
EndProject
Project("{FAE04EC0-301F-11D3-BF4B-00C04F79EFBC}") = "Protch.Test", "Test\Protch.Test.csproj", "{8EE5119F-420D-422C-8BB6-FD9861B6C4EE}"
EndProject
Global
	GlobalSection(SolutionConfigurationPlatforms) = preSolution
		Debug|Any CPU = Debug|Any CPU
		Release|Any CPU = Release|Any CPU
	EndGlobalSection
	GlobalSection(ProjectConfigurationPlatforms) = postSolution
		{BDC2DA31-BCCE-42F7-9A97-8DA5F962913E}.Debug|Any CPU.ActiveCfg = Debug|Any CPU
		{BDC2DA31-BCCE-42F7-9A97-8DA5F962913E}.Debug|Any CPU.Build.0 = Debug|Any CPU
		{BDC2DA31-BCCE-42F7-9A97-8DA5F962913E}.Release|Any CPU.ActiveCfg = Release|Any CPU
		{BDC2DA31-BCCE-42F7-9A97-8DA5F962913E}.Release|Any CPU.Build.0 = Release|Any CPU
		{8EE5119F-420D-422C-8BB6-FD9861B6C4EE}.Debug|Any CPU.ActiveCfg = Debug|Any CPU
		{8EE5119F-420D-422C-8BB6-FD9861B6C4EE}.Debug|Any CPU.Build.0 = Debug|Any CPU
		{8EE5119F-420D-422C-8BB6-FD9861B6C4EE}.Release|Any CPU.ActiveCfg = Release|Any CPU
		{8EE5119F-420D-422C-8BB6-FD9861B6C4EE}.Release|Any CPU.Build.0 = Release|Any CPU
	EndGlobalSection
	GlobalSection(SolutionProperties) = preSolution
		HideSolutionNode = FALSE
	EndGlobalSection
	GlobalSection(ExtensibilityGlobals) = postSolution
		SolutionGuid = {65BE7AFE-0CFB-4CEA-BDCF-E14AA48D54F7}
	EndGlobalSection
EndGlobal
